// !$*UTF8*$!
{
	archiveVersion = 1;
	classes = {
	};
	objectVersion = 50;
	objects = {

/* Begin PBXBuildFile section */
		0E2D4B15C7D1DEA197444342 /* Pods_breakingbadgan.framework in Frameworks */ = {isa = PBXBuildFile; fileRef = EDA3FDC6AEF1B34379BC1259 /* Pods_breakingbadgan.framework */; };
		4E9889B825F807600059258F /* AppDelegate.swift in Sources */ = {isa = PBXBuildFile; fileRef = 4E9889B725F807600059258F /* AppDelegate.swift */; };
		4E9889BA25F807600059258F /* SceneDelegate.swift in Sources */ = {isa = PBXBuildFile; fileRef = 4E9889B925F807600059258F /* SceneDelegate.swift */; };
		4E9889BC25F807600059258F /* ViewController.swift in Sources */ = {isa = PBXBuildFile; fileRef = 4E9889BB25F807600059258F /* ViewController.swift */; };
		4E9889BF25F807600059258F /* Main.storyboard in Resources */ = {isa = PBXBuildFile; fileRef = 4E9889BD25F807600059258F /* Main.storyboard */; };
		4E9889C125F807610059258F /* Assets.xcassets in Resources */ = {isa = PBXBuildFile; fileRef = 4E9889C025F807610059258F /* Assets.xcassets */; };
		4E9889C425F807610059258F /* LaunchScreen.storyboard in Resources */ = {isa = PBXBuildFile; fileRef = 4E9889C225F807610059258F /* LaunchScreen.storyboard */; };
		4E9889CF25F807610059258F /* breakingbadganTests.swift in Sources */ = {isa = PBXBuildFile; fileRef = 4E9889CE25F807610059258F /* breakingbadganTests.swift */; };
		4E9889DA25F807610059258F /* breakingbadganUITests.swift in Sources */ = {isa = PBXBuildFile; fileRef = 4E9889D925F807610059258F /* breakingbadganUITests.swift */; };
		BFDF335CCAA45204A21B9C22 /* Pods_breakingbadgan_breakingbadganUITests.framework in Frameworks */ = {isa = PBXBuildFile; fileRef = 0C31467241FA541830C89967 /* Pods_breakingbadgan_breakingbadganUITests.framework */; };
		BFE04F52D736AFB60DEC5009 /* Pods_breakingbadganTests.framework in Frameworks */ = {isa = PBXBuildFile; fileRef = F0ABC7A608B01817D4FB05DE /* Pods_breakingbadganTests.framework */; };
/* End PBXBuildFile section */

/* Begin PBXContainerItemProxy section */
		4E9889CB25F807610059258F /* PBXContainerItemProxy */ = {
			isa = PBXContainerItemProxy;
			containerPortal = 4E9889AC25F807600059258F /* Project object */;
			proxyType = 1;
			remoteGlobalIDString = 4E9889B325F807600059258F;
			remoteInfo = breakingbadgan;
		};
		4E9889D625F807610059258F /* PBXContainerItemProxy */ = {
			isa = PBXContainerItemProxy;
			containerPortal = 4E9889AC25F807600059258F /* Project object */;
			proxyType = 1;
			remoteGlobalIDString = 4E9889B325F807600059258F;
			remoteInfo = breakingbadgan;
		};
/* End PBXContainerItemProxy section */

/* Begin PBXFileReference section */
		0C31467241FA541830C89967 /* Pods_breakingbadgan_breakingbadganUITests.framework */ = {isa = PBXFileReference; explicitFileType = wrapper.framework; includeInIndex = 0; path = Pods_breakingbadgan_breakingbadganUITests.framework; sourceTree = BUILT_PRODUCTS_DIR; };
		1A82E6F34C333E6E2CD66BAC /* Pods-breakingbadganTests.release.xcconfig */ = {isa = PBXFileReference; includeInIndex = 1; lastKnownFileType = text.xcconfig; name = "Pods-breakingbadganTests.release.xcconfig"; path = "Target Support Files/Pods-breakingbadganTests/Pods-breakingbadganTests.release.xcconfig"; sourceTree = "<group>"; };
		466FE860A57AD3D65AC5B7AE /* Pods-breakingbadganTests.debug.xcconfig */ = {isa = PBXFileReference; includeInIndex = 1; lastKnownFileType = text.xcconfig; name = "Pods-breakingbadganTests.debug.xcconfig"; path = "Target Support Files/Pods-breakingbadganTests/Pods-breakingbadganTests.debug.xcconfig"; sourceTree = "<group>"; };
		4E9889B425F807600059258F /* breakingbadgan.app */ = {isa = PBXFileReference; explicitFileType = wrapper.application; includeInIndex = 0; path = breakingbadgan.app; sourceTree = BUILT_PRODUCTS_DIR; };
		4E9889B725F807600059258F /* AppDelegate.swift */ = {isa = PBXFileReference; lastKnownFileType = sourcecode.swift; path = AppDelegate.swift; sourceTree = "<group>"; };
		4E9889B925F807600059258F /* SceneDelegate.swift */ = {isa = PBXFileReference; lastKnownFileType = sourcecode.swift; path = SceneDelegate.swift; sourceTree = "<group>"; };
		4E9889BB25F807600059258F /* ViewController.swift */ = {isa = PBXFileReference; lastKnownFileType = sourcecode.swift; path = ViewController.swift; sourceTree = "<group>"; };
		4E9889BE25F807600059258F /* Base */ = {isa = PBXFileReference; lastKnownFileType = file.storyboard; name = Base; path = Base.lproj/Main.storyboard; sourceTree = "<group>"; };
		4E9889C025F807610059258F /* Assets.xcassets */ = {isa = PBXFileReference; lastKnownFileType = folder.assetcatalog; path = Assets.xcassets; sourceTree = "<group>"; };
		4E9889C325F807610059258F /* Base */ = {isa = PBXFileReference; lastKnownFileType = file.storyboard; name = Base; path = Base.lproj/LaunchScreen.storyboard; sourceTree = "<group>"; };
		4E9889C525F807610059258F /* Info.plist */ = {isa = PBXFileReference; lastKnownFileType = text.plist.xml; path = Info.plist; sourceTree = "<group>"; };
		4E9889CA25F807610059258F /* breakingbadganTests.xctest */ = {isa = PBXFileReference; explicitFileType = wrapper.cfbundle; includeInIndex = 0; path = breakingbadganTests.xctest; sourceTree = BUILT_PRODUCTS_DIR; };
		4E9889CE25F807610059258F /* breakingbadganTests.swift */ = {isa = PBXFileReference; lastKnownFileType = sourcecode.swift; path = breakingbadganTests.swift; sourceTree = "<group>"; };
		4E9889D025F807610059258F /* Info.plist */ = {isa = PBXFileReference; lastKnownFileType = text.plist.xml; path = Info.plist; sourceTree = "<group>"; };
		4E9889D525F807610059258F /* breakingbadganUITests.xctest */ = {isa = PBXFileReference; explicitFileType = wrapper.cfbundle; includeInIndex = 0; path = breakingbadganUITests.xctest; sourceTree = BUILT_PRODUCTS_DIR; };
		4E9889D925F807610059258F /* breakingbadganUITests.swift */ = {isa = PBXFileReference; lastKnownFileType = sourcecode.swift; path = breakingbadganUITests.swift; sourceTree = "<group>"; };
		4E9889DB25F807610059258F /* Info.plist */ = {isa = PBXFileReference; lastKnownFileType = text.plist.xml; path = Info.plist; sourceTree = "<group>"; };
		52733F1FED5A230004DCD795 /* Pods-breakingbadgan-breakingbadganUITests.debug.xcconfig */ = {isa = PBXFileReference; includeInIndex = 1; lastKnownFileType = text.xcconfig; name = "Pods-breakingbadgan-breakingbadganUITests.debug.xcconfig"; path = "Target Support Files/Pods-breakingbadgan-breakingbadganUITests/Pods-breakingbadgan-breakingbadganUITests.debug.xcconfig"; sourceTree = "<group>"; };
		62592EEDC6AD6693EAB58144 /* Pods-breakingbadgan.release.xcconfig */ = {isa = PBXFileReference; includeInIndex = 1; lastKnownFileType = text.xcconfig; name = "Pods-breakingbadgan.release.xcconfig"; path = "Target Support Files/Pods-breakingbadgan/Pods-breakingbadgan.release.xcconfig"; sourceTree = "<group>"; };
		74B8D45B0525A3C452647154 /* Pods-breakingbadgan.debug.xcconfig */ = {isa = PBXFileReference; includeInIndex = 1; lastKnownFileType = text.xcconfig; name = "Pods-breakingbadgan.debug.xcconfig"; path = "Target Support Files/Pods-breakingbadgan/Pods-breakingbadgan.debug.xcconfig"; sourceTree = "<group>"; };
		E5EC34AD38FD756B6B11931B /* Pods-breakingbadgan-breakingbadganUITests.release.xcconfig */ = {isa = PBXFileReference; includeInIndex = 1; lastKnownFileType = text.xcconfig; name = "Pods-breakingbadgan-breakingbadganUITests.release.xcconfig"; path = "Target Support Files/Pods-breakingbadgan-breakingbadganUITests/Pods-breakingbadgan-breakingbadganUITests.release.xcconfig"; sourceTree = "<group>"; };
		EDA3FDC6AEF1B34379BC1259 /* Pods_breakingbadgan.framework */ = {isa = PBXFileReference; explicitFileType = wrapper.framework; includeInIndex = 0; path = Pods_breakingbadgan.framework; sourceTree = BUILT_PRODUCTS_DIR; };
		F0ABC7A608B01817D4FB05DE /* Pods_breakingbadganTests.framework */ = {isa = PBXFileReference; explicitFileType = wrapper.framework; includeInIndex = 0; path = Pods_breakingbadganTests.framework; sourceTree = BUILT_PRODUCTS_DIR; };
/* End PBXFileReference section */

/* Begin PBXFrameworksBuildPhase section */
		4E9889B125F807600059258F /* Frameworks */ = {
			isa = PBXFrameworksBuildPhase;
			buildActionMask = 2147483647;
			files = (
				0E2D4B15C7D1DEA197444342 /* Pods_breakingbadgan.framework in Frameworks */,
			);
			runOnlyForDeploymentPostprocessing = 0;
		};
		4E9889C725F807610059258F /* Frameworks */ = {
			isa = PBXFrameworksBuildPhase;
			buildActionMask = 2147483647;
			files = (
				BFE04F52D736AFB60DEC5009 /* Pods_breakingbadganTests.framework in Frameworks */,
			);
			runOnlyForDeploymentPostprocessing = 0;
		};
		4E9889D225F807610059258F /* Frameworks */ = {
			isa = PBXFrameworksBuildPhase;
			buildActionMask = 2147483647;
			files = (
				BFDF335CCAA45204A21B9C22 /* Pods_breakingbadgan_breakingbadganUITests.framework in Frameworks */,
			);
			runOnlyForDeploymentPostprocessing = 0;
		};
/* End PBXFrameworksBuildPhase section */

/* Begin PBXGroup section */
		044DC10FB002BF0E10E159CD /* Frameworks */ = {
			isa = PBXGroup;
			children = (
				EDA3FDC6AEF1B34379BC1259 /* Pods_breakingbadgan.framework */,
				0C31467241FA541830C89967 /* Pods_breakingbadgan_breakingbadganUITests.framework */,
				F0ABC7A608B01817D4FB05DE /* Pods_breakingbadganTests.framework */,
			);
			name = Frameworks;
			sourceTree = "<group>";
		};
		15AF4E513C489D8E1E2B9CDB /* Pods */ = {
			isa = PBXGroup;
			children = (
				74B8D45B0525A3C452647154 /* Pods-breakingbadgan.debug.xcconfig */,
				62592EEDC6AD6693EAB58144 /* Pods-breakingbadgan.release.xcconfig */,
				52733F1FED5A230004DCD795 /* Pods-breakingbadgan-breakingbadganUITests.debug.xcconfig */,
				E5EC34AD38FD756B6B11931B /* Pods-breakingbadgan-breakingbadganUITests.release.xcconfig */,
				466FE860A57AD3D65AC5B7AE /* Pods-breakingbadganTests.debug.xcconfig */,
				1A82E6F34C333E6E2CD66BAC /* Pods-breakingbadganTests.release.xcconfig */,
			);
			name = Pods;
			path = Pods;
			sourceTree = "<group>";
		};
		4E9889AB25F807600059258F = {
			isa = PBXGroup;
			children = (
				4E9889B625F807600059258F /* breakingbadgan */,
				4E9889CD25F807610059258F /* breakingbadganTests */,
				4E9889D825F807610059258F /* breakingbadganUITests */,
				4E9889B525F807600059258F /* Products */,
				15AF4E513C489D8E1E2B9CDB /* Pods */,
				044DC10FB002BF0E10E159CD /* Frameworks */,
			);
			sourceTree = "<group>";
		};
		4E9889B525F807600059258F /* Products */ = {
			isa = PBXGroup;
			children = (
				4E9889B425F807600059258F /* breakingbadgan.app */,
				4E9889CA25F807610059258F /* breakingbadganTests.xctest */,
				4E9889D525F807610059258F /* breakingbadganUITests.xctest */,
			);
			name = Products;
			sourceTree = "<group>";
		};
		4E9889B625F807600059258F /* breakingbadgan */ = {
			isa = PBXGroup;
			children = (
				4E9889B725F807600059258F /* AppDelegate.swift */,
				4E9889B925F807600059258F /* SceneDelegate.swift */,
				4E9889BB25F807600059258F /* ViewController.swift */,
				4E9889BD25F807600059258F /* Main.storyboard */,
				4E9889C025F807610059258F /* Assets.xcassets */,
				4E9889C225F807610059258F /* LaunchScreen.storyboard */,
				4E9889C525F807610059258F /* Info.plist */,
			);
			path = breakingbadgan;
			sourceTree = "<group>";
		};
		4E9889CD25F807610059258F /* breakingbadganTests */ = {
			isa = PBXGroup;
			children = (
				4E9889CE25F807610059258F /* breakingbadganTests.swift */,
				4E9889D025F807610059258F /* Info.plist */,
			);
			path = breakingbadganTests;
			sourceTree = "<group>";
		};
		4E9889D825F807610059258F /* breakingbadganUITests */ = {
			isa = PBXGroup;
			children = (
				4E9889D925F807610059258F /* breakingbadganUITests.swift */,
				4E9889DB25F807610059258F /* Info.plist */,
			);
			path = breakingbadganUITests;
			sourceTree = "<group>";
		};
/* End PBXGroup section */

/* Begin PBXNativeTarget section */
		4E9889B325F807600059258F /* breakingbadgan */ = {
			isa = PBXNativeTarget;
			buildConfigurationList = 4E9889DE25F807610059258F /* Build configuration list for PBXNativeTarget "breakingbadgan" */;
			buildPhases = (
				2C49D7DF857FC8C9DC5CD6A6 /* [CP] Check Pods Manifest.lock */,
				4E9889B025F807600059258F /* Sources */,
				4E9889B125F807600059258F /* Frameworks */,
				4E9889B225F807600059258F /* Resources */,
			);
			buildRules = (
			);
			dependencies = (
			);
			name = breakingbadgan;
			productName = breakingbadgan;
			productReference = 4E9889B425F807600059258F /* breakingbadgan.app */;
			productType = "com.apple.product-type.application";
		};
		4E9889C925F807610059258F /* breakingbadganTests */ = {
			isa = PBXNativeTarget;
			buildConfigurationList = 4E9889E125F807610059258F /* Build configuration list for PBXNativeTarget "breakingbadganTests" */;
			buildPhases = (
				5C1F555733868E96F38265F2 /* [CP] Check Pods Manifest.lock */,
				4E9889C625F807610059258F /* Sources */,
				4E9889C725F807610059258F /* Frameworks */,
				4E9889C825F807610059258F /* Resources */,
			);
			buildRules = (
			);
			dependencies = (
				4E9889CC25F807610059258F /* PBXTargetDependency */,
			);
			name = breakingbadganTests;
			productName = breakingbadganTests;
			productReference = 4E9889CA25F807610059258F /* breakingbadganTests.xctest */;
			productType = "com.apple.product-type.bundle.unit-test";
		};
		4E9889D425F807610059258F /* breakingbadganUITests */ = {
			isa = PBXNativeTarget;
			buildConfigurationList = 4E9889E425F807610059258F /* Build configuration list for PBXNativeTarget "breakingbadganUITests" */;
			buildPhases = (
				D6F44937F4233E042E2BFCDE /* [CP] Check Pods Manifest.lock */,
				4E9889D125F807610059258F /* Sources */,
				4E9889D225F807610059258F /* Frameworks */,
				4E9889D325F807610059258F /* Resources */,
			);
			buildRules = (
			);
			dependencies = (
				4E9889D725F807610059258F /* PBXTargetDependency */,
			);
			name = breakingbadganUITests;
			productName = breakingbadganUITests;
			productReference = 4E9889D525F807610059258F /* breakingbadganUITests.xctest */;
			productType = "com.apple.product-type.bundle.ui-testing";
		};
/* End PBXNativeTarget section */

/* Begin PBXProject section */
		4E9889AC25F807600059258F /* Project object */ = {
			isa = PBXProject;
			attributes = {
				LastSwiftUpdateCheck = 1230;
				LastUpgradeCheck = 1230;
				TargetAttributes = {
					4E9889B325F807600059258F = {
						CreatedOnToolsVersion = 12.3;
					};
					4E9889C925F807610059258F = {
						CreatedOnToolsVersion = 12.3;
						TestTargetID = 4E9889B325F807600059258F;
					};
					4E9889D425F807610059258F = {
						CreatedOnToolsVersion = 12.3;
						TestTargetID = 4E9889B325F807600059258F;
					};
				};
			};
			buildConfigurationList = 4E9889AF25F807600059258F /* Build configuration list for PBXProject "breakingbadgan" */;
			compatibilityVersion = "Xcode 9.3";
			developmentRegion = en;
			hasScannedForEncodings = 0;
			knownRegions = (
				en,
				Base,
			);
			mainGroup = 4E9889AB25F807600059258F;
			productRefGroup = 4E9889B525F807600059258F /* Products */;
			projectDirPath = "";
			projectRoot = "";
			targets = (
				4E9889B325F807600059258F /* breakingbadgan */,
				4E9889C925F807610059258F /* breakingbadganTests */,
				4E9889D425F807610059258F /* breakingbadganUITests */,
			);
		};
/* End PBXProject section */

/* Begin PBXResourcesBuildPhase section */
		4E9889B225F807600059258F /* Resources */ = {
			isa = PBXResourcesBuildPhase;
			buildActionMask = 2147483647;
			files = (
				4E9889C425F807610059258F /* LaunchScreen.storyboard in Resources */,
				4E9889C125F807610059258F /* Assets.xcassets in Resources */,
				4E9889BF25F807600059258F /* Main.storyboard in Resources */,
			);
			runOnlyForDeploymentPostprocessing = 0;
		};
		4E9889C825F807610059258F /* Resources */ = {
			isa = PBXResourcesBuildPhase;
			buildActionMask = 2147483647;
			files = (
			);
			runOnlyForDeploymentPostprocessing = 0;
		};
		4E9889D325F807610059258F /* Resources */ = {
			isa = PBXResourcesBuildPhase;
			buildActionMask = 2147483647;
			files = (
			);
			runOnlyForDeploymentPostprocessing = 0;
		};
/* End PBXResourcesBuildPhase section */

/* Begin PBXShellScriptBuildPhase section */
		2C49D7DF857FC8C9DC5CD6A6 /* [CP] Check Pods Manifest.lock */ = {
			isa = PBXShellScriptBuildPhase;
			buildActionMask = 2147483647;
			files = (
			);
			inputFileListPaths = (
			);
			inputPaths = (
				"${PODS_PODFILE_DIR_PATH}/Podfile.lock",
				"${PODS_ROOT}/Manifest.lock",
			);
			name = "[CP] Check Pods Manifest.lock";
			outputFileListPaths = (
			);
			outputPaths = (
				"$(DERIVED_FILE_DIR)/Pods-breakingbadgan-checkManifestLockResult.txt",
			);
			runOnlyForDeploymentPostprocessing = 0;
			shellPath = /bin/sh;
			shellScript = "diff \"${PODS_PODFILE_DIR_PATH}/Podfile.lock\" \"${PODS_ROOT}/Manifest.lock\" > /dev/null\nif [ $? != 0 ] ; then\n    # print error to STDERR\n    echo \"error: The sandbox is not in sync with the Podfile.lock. Run 'pod install' or update your CocoaPods installation.\" >&2\n    exit 1\nfi\n# This output is used by Xcode 'outputs' to avoid re-running this script phase.\necho \"SUCCESS\" > \"${SCRIPT_OUTPUT_FILE_0}\"\n";
			showEnvVarsInLog = 0;
		};
		5C1F555733868E96F38265F2 /* [CP] Check Pods Manifest.lock */ = {
			isa = PBXShellScriptBuildPhase;
			buildActionMask = 2147483647;
			files = (
			);
			inputFileListPaths = (
			);
			inputPaths = (
				"${PODS_PODFILE_DIR_PATH}/Podfile.lock",
				"${PODS_ROOT}/Manifest.lock",
			);
			name = "[CP] Check Pods Manifest.lock";
			outputFileListPaths = (
			);
			outputPaths = (
				"$(DERIVED_FILE_DIR)/Pods-breakingbadganTests-checkManifestLockResult.txt",
			);
			runOnlyForDeploymentPostprocessing = 0;
			shellPath = /bin/sh;
			shellScript = "diff \"${PODS_PODFILE_DIR_PATH}/Podfile.lock\" \"${PODS_ROOT}/Manifest.lock\" > /dev/null\nif [ $? != 0 ] ; then\n    # print error to STDERR\n    echo \"error: The sandbox is not in sync with the Podfile.lock. Run 'pod install' or update your CocoaPods installation.\" >&2\n    exit 1\nfi\n# This output is used by Xcode 'outputs' to avoid re-running this script phase.\necho \"SUCCESS\" > \"${SCRIPT_OUTPUT_FILE_0}\"\n";
			showEnvVarsInLog = 0;
		};
		D6F44937F4233E042E2BFCDE /* [CP] Check Pods Manifest.lock */ = {
			isa = PBXShellScriptBuildPhase;
			buildActionMask = 2147483647;
			files = (
			);
			inputFileListPaths = (
			);
			inputPaths = (
				"${PODS_PODFILE_DIR_PATH}/Podfile.lock",
				"${PODS_ROOT}/Manifest.lock",
			);
			name = "[CP] Check Pods Manifest.lock";
			outputFileListPaths = (
			);
			outputPaths = (
				"$(DERIVED_FILE_DIR)/Pods-breakingbadgan-breakingbadganUITests-checkManifestLockResult.txt",
			);
			runOnlyForDeploymentPostprocessing = 0;
			shellPath = /bin/sh;
			shellScript = "diff \"${PODS_PODFILE_DIR_PATH}/Podfile.lock\" \"${PODS_ROOT}/Manifest.lock\" > /dev/null\nif [ $? != 0 ] ; then\n    # print error to STDERR\n    echo \"error: The sandbox is not in sync with the Podfile.lock. Run 'pod install' or update your CocoaPods installation.\" >&2\n    exit 1\nfi\n# This output is used by Xcode 'outputs' to avoid re-running this script phase.\necho \"SUCCESS\" > \"${SCRIPT_OUTPUT_FILE_0}\"\n";
			showEnvVarsInLog = 0;
		};
/* End PBXShellScriptBuildPhase section */

/* Begin PBXSourcesBuildPhase section */
		4E9889B025F807600059258F /* Sources */ = {
			isa = PBXSourcesBuildPhase;
			buildActionMask = 2147483647;
			files = (
				4E9889BC25F807600059258F /* ViewController.swift in Sources */,
				4E9889B825F807600059258F /* AppDelegate.swift in Sources */,
				4E9889BA25F807600059258F /* SceneDelegate.swift in Sources */,
			);
			runOnlyForDeploymentPostprocessing = 0;
		};
		4E9889C625F807610059258F /* Sources */ = {
			isa = PBXSourcesBuildPhase;
			buildActionMask = 2147483647;
			files = (
				4E9889CF25F807610059258F /* breakingbadganTests.swift in Sources */,
			);
			runOnlyForDeploymentPostprocessing = 0;
		};
		4E9889D125F807610059258F /* Sources */ = {
			isa = PBXSourcesBuildPhase;
			buildActionMask = 2147483647;
			files = (
				4E9889DA25F807610059258F /* breakingbadganUITests.swift in Sources */,
			);
			runOnlyForDeploymentPostprocessing = 0;
		};
/* End PBXSourcesBuildPhase section */

/* Begin PBXTargetDependency section */
		4E9889CC25F807610059258F /* PBXTargetDependency */ = {
			isa = PBXTargetDependency;
			target = 4E9889B325F807600059258F /* breakingbadgan */;
			targetProxy = 4E9889CB25F807610059258F /* PBXContainerItemProxy */;
		};
		4E9889D725F807610059258F /* PBXTargetDependency */ = {
			isa = PBXTargetDependency;
			target = 4E9889B325F807600059258F /* breakingbadgan */;
			targetProxy = 4E9889D625F807610059258F /* PBXContainerItemProxy */;
		};
/* End PBXTargetDependency section */

/* Begin PBXVariantGroup section */
		4E9889BD25F807600059258F /* Main.storyboard */ = {
			isa = PBXVariantGroup;
			children = (
				4E9889BE25F807600059258F /* Base */,
			);
			name = Main.storyboard;
			sourceTree = "<group>";
		};
		4E9889C225F807610059258F /* LaunchScreen.storyboard */ = {
			isa = PBXVariantGroup;
			children = (
				4E9889C325F807610059258F /* Base */,
			);
			name = LaunchScreen.storyboard;
			sourceTree = "<group>";
		};
/* End PBXVariantGroup section */

/* Begin XCBuildConfiguration section */
		4E9889DC25F807610059258F /* Debug */ = {
			isa = XCBuildConfiguration;
			buildSettings = {
				ALWAYS_SEARCH_USER_PATHS = NO;
				CLANG_ANALYZER_NONNULL = YES;
				CLANG_ANALYZER_NUMBER_OBJECT_CONVERSION = YES_AGGRESSIVE;
				CLANG_CXX_LANGUAGE_STANDARD = "gnu++14";
				CLANG_CXX_LIBRARY = "libc++";
				CLANG_ENABLE_MODULES = YES;
				CLANG_ENABLE_OBJC_ARC = YES;
				CLANG_ENABLE_OBJC_WEAK = YES;
				CLANG_WARN_BLOCK_CAPTURE_AUTORELEASING = YES;
				CLANG_WARN_BOOL_CONVERSION = YES;
				CLANG_WARN_COMMA = YES;
				CLANG_WARN_CONSTANT_CONVERSION = YES;
				CLANG_WARN_DEPRECATED_OBJC_IMPLEMENTATIONS = YES;
				CLANG_WARN_DIRECT_OBJC_ISA_USAGE = YES_ERROR;
				CLANG_WARN_DOCUMENTATION_COMMENTS = YES;
				CLANG_WARN_EMPTY_BODY = YES;
				CLANG_WARN_ENUM_CONVERSION = YES;
				CLANG_WARN_INFINITE_RECURSION = YES;
				CLANG_WARN_INT_CONVERSION = YES;
				CLANG_WARN_NON_LITERAL_NULL_CONVERSION = YES;
				CLANG_WARN_OBJC_IMPLICIT_RETAIN_SELF = YES;
				CLANG_WARN_OBJC_LITERAL_CONVERSION = YES;
				CLANG_WARN_OBJC_ROOT_CLASS = YES_ERROR;
				CLANG_WARN_QUOTED_INCLUDE_IN_FRAMEWORK_HEADER = YES;
				CLANG_WARN_RANGE_LOOP_ANALYSIS = YES;
				CLANG_WARN_STRICT_PROTOTYPES = YES;
				CLANG_WARN_SUSPICIOUS_MOVE = YES;
				CLANG_WARN_UNGUARDED_AVAILABILITY = YES_AGGRESSIVE;
				CLANG_WARN_UNREACHABLE_CODE = YES;
				CLANG_WARN__DUPLICATE_METHOD_MATCH = YES;
				COPY_PHASE_STRIP = NO;
				DEBUG_INFORMATION_FORMAT = dwarf;
				ENABLE_STRICT_OBJC_MSGSEND = YES;
				ENABLE_TESTABILITY = YES;
				GCC_C_LANGUAGE_STANDARD = gnu11;
				GCC_DYNAMIC_NO_PIC = NO;
				GCC_NO_COMMON_BLOCKS = YES;
				GCC_OPTIMIZATION_LEVEL = 0;
				GCC_PREPROCESSOR_DEFINITIONS = (
					"DEBUG=1",
					"$(inherited)",
				);
				GCC_WARN_64_TO_32_BIT_CONVERSION = YES;
				GCC_WARN_ABOUT_RETURN_TYPE = YES_ERROR;
				GCC_WARN_UNDECLARED_SELECTOR = YES;
				GCC_WARN_UNINITIALIZED_AUTOS = YES_AGGRESSIVE;
				GCC_WARN_UNUSED_FUNCTION = YES;
				GCC_WARN_UNUSED_VARIABLE = YES;
				IPHONEOS_DEPLOYMENT_TARGET = 14.3;
				MTL_ENABLE_DEBUG_INFO = INCLUDE_SOURCE;
				MTL_FAST_MATH = YES;
				ONLY_ACTIVE_ARCH = YES;
				SDKROOT = iphoneos;
				SWIFT_ACTIVE_COMPILATION_CONDITIONS = DEBUG;
				SWIFT_OPTIMIZATION_LEVEL = "-Onone";
			};
			name = Debug;
		};
		4E9889DD25F807610059258F /* Release */ = {
			isa = XCBuildConfiguration;
			buildSettings = {
				ALWAYS_SEARCH_USER_PATHS = NO;
				CLANG_ANALYZER_NONNULL = YES;
				CLANG_ANALYZER_NUMBER_OBJECT_CONVERSION = YES_AGGRESSIVE;
				CLANG_CXX_LANGUAGE_STANDARD = "gnu++14";
				CLANG_CXX_LIBRARY = "libc++";
				CLANG_ENABLE_MODULES = YES;
				CLANG_ENABLE_OBJC_ARC = YES;
				CLANG_ENABLE_OBJC_WEAK = YES;
				CLANG_WARN_BLOCK_CAPTURE_AUTORELEASING = YES;
				CLANG_WARN_BOOL_CONVERSION = YES;
				CLANG_WARN_COMMA = YES;
				CLANG_WARN_CONSTANT_CONVERSION = YES;
				CLANG_WARN_DEPRECATED_OBJC_IMPLEMENTATIONS = YES;
				CLANG_WARN_DIRECT_OBJC_ISA_USAGE = YES_ERROR;
				CLANG_WARN_DOCUMENTATION_COMMENTS = YES;
				CLANG_WARN_EMPTY_BODY = YES;
				CLANG_WARN_ENUM_CONVERSION = YES;
				CLANG_WARN_INFINITE_RECURSION = YES;
				CLANG_WARN_INT_CONVERSION = YES;
				CLANG_WARN_NON_LITERAL_NULL_CONVERSION = YES;
				CLANG_WARN_OBJC_IMPLICIT_RETAIN_SELF = YES;
				CLANG_WARN_OBJC_LITERAL_CONVERSION = YES;
				CLANG_WARN_OBJC_ROOT_CLASS = YES_ERROR;
				CLANG_WARN_QUOTED_INCLUDE_IN_FRAMEWORK_HEADER = YES;
				CLANG_WARN_RANGE_LOOP_ANALYSIS = YES;
				CLANG_WARN_STRICT_PROTOTYPES = YES;
				CLANG_WARN_SUSPICIOUS_MOVE = YES;
				CLANG_WARN_UNGUARDED_AVAILABILITY = YES_AGGRESSIVE;
				CLANG_WARN_UNREACHABLE_CODE = YES;
				CLANG_WARN__DUPLICATE_METHOD_MATCH = YES;
				COPY_PHASE_STRIP = NO;
				DEBUG_INFORMATION_FORMAT = "dwarf-with-dsym";
				ENABLE_NS_ASSERTIONS = NO;
				ENABLE_STRICT_OBJC_MSGSEND = YES;
				GCC_C_LANGUAGE_STANDARD = gnu11;
				GCC_NO_COMMON_BLOCKS = YES;
				GCC_WARN_64_TO_32_BIT_CONVERSION = YES;
				GCC_WARN_ABOUT_RETURN_TYPE = YES_ERROR;
				GCC_WARN_UNDECLARED_SELECTOR = YES;
				GCC_WARN_UNINITIALIZED_AUTOS = YES_AGGRESSIVE;
				GCC_WARN_UNUSED_FUNCTION = YES;
				GCC_WARN_UNUSED_VARIABLE = YES;
				IPHONEOS_DEPLOYMENT_TARGET = 14.3;
				MTL_ENABLE_DEBUG_INFO = NO;
				MTL_FAST_MATH = YES;
				SDKROOT = iphoneos;
				SWIFT_COMPILATION_MODE = wholemodule;
				SWIFT_OPTIMIZATION_LEVEL = "-O";
				VALIDATE_PRODUCT = YES;
			};
			name = Release;
		};
		4E9889DF25F807610059258F /* Debug */ = {
			isa = XCBuildConfiguration;
			baseConfigurationReference = 74B8D45B0525A3C452647154 /* Pods-breakingbadgan.debug.xcconfig */;
			buildSettings = {
				ASSETCATALOG_COMPILER_APPICON_NAME = AppIcon;
				ASSETCATALOG_COMPILER_GLOBAL_ACCENT_COLOR_NAME = AccentColor;
				CODE_SIGN_STYLE = Automatic;
				DEVELOPMENT_TEAM = R5J784UVN8;
				INFOPLIST_FILE = breakingbadgan/Info.plist;
				LD_RUNPATH_SEARCH_PATHS = (
					"$(inherited)",
					"@executable_path/Frameworks",
				);
				PRODUCT_BUNDLE_IDENTIFIER = com.smarttipspro.breakingbadgan;
				PRODUCT_NAME = "$(TARGET_NAME)";
				SWIFT_VERSION = 5.0;
				TARGETED_DEVICE_FAMILY = "1,2";
			};
			name = Debug;
		};
		4E9889E025F807610059258F /* Release */ = {
			isa = XCBuildConfiguration;
			baseConfigurationReference = 62592EEDC6AD6693EAB58144 /* Pods-breakingbadgan.release.xcconfig */;
			buildSettings = {
				ASSETCATALOG_COMPILER_APPICON_NAME = AppIcon;
				ASSETCATALOG_COMPILER_GLOBAL_ACCENT_COLOR_NAME = AccentColor;
				CODE_SIGN_STYLE = Automatic;
				DEVELOPMENT_TEAM = R5J784UVN8;
				INFOPLIST_FILE = breakingbadgan/Info.plist;
				LD_RUNPATH_SEARCH_PATHS = (
					"$(inherited)",
					"@executable_path/Frameworks",
				);
				PRODUCT_BUNDLE_IDENTIFIER = com.smarttipspro.breakingbadgan;
				PRODUCT_NAME = "$(TARGET_NAME)";
				SWIFT_VERSION = 5.0;
				TARGETED_DEVICE_FAMILY = "1,2";
			};
			name = Release;
		};
		4E9889E225F807610059258F /* Debug */ = {
			isa = XCBuildConfiguration;
			baseConfigurationReference = 466FE860A57AD3D65AC5B7AE /* Pods-breakingbadganTests.debug.xcconfig */;
			buildSettings = {
				ALWAYS_EMBED_SWIFT_STANDARD_LIBRARIES = YES;
				BUNDLE_LOADER = "$(TEST_HOST)";
				CODE_SIGN_STYLE = Automatic;
				DEVELOPMENT_TEAM = 8WH2SVB4M8;
				INFOPLIST_FILE = breakingbadganTests/Info.plist;
				IPHONEOS_DEPLOYMENT_TARGET = 14.3;
				LD_RUNPATH_SEARCH_PATHS = (
					"$(inherited)",
					"@executable_path/Frameworks",
					"@loader_path/Frameworks",
				);
				PRODUCT_BUNDLE_IDENTIFIER = com.smarttipspro.breakingbadganTests;
				PRODUCT_NAME = "$(TARGET_NAME)";
				SWIFT_VERSION = 5.0;
				TARGETED_DEVICE_FAMILY = "1,2";
				TEST_HOST = "$(BUILT_PRODUCTS_DIR)/breakingbadgan.app/breakingbadgan";
			};
			name = Debug;
		};
		4E9889E325F807610059258F /* Release */ = {
			isa = XCBuildConfiguration;
			baseConfigurationReference = 1A82E6F34C333E6E2CD66BAC /* Pods-breakingbadganTests.release.xcconfig */;
			buildSettings = {
				ALWAYS_EMBED_SWIFT_STANDARD_LIBRARIES = YES;
				BUNDLE_LOADER = "$(TEST_HOST)";
				CODE_SIGN_STYLE = Automatic;
				DEVELOPMENT_TEAM = 8WH2SVB4M8;
				INFOPLIST_FILE = breakingbadganTests/Info.plist;
				IPHONEOS_DEPLOYMENT_TARGET = 14.3;
				LD_RUNPATH_SEARCH_PATHS = (
					"$(inherited)",
					"@executable_path/Frameworks",
					"@loader_path/Frameworks",
				);
				PRODUCT_BUNDLE_IDENTIFIER = com.smarttipspro.breakingbadganTests;
				PRODUCT_NAME = "$(TARGET_NAME)";
				SWIFT_VERSION = 5.0;
				TARGETED_DEVICE_FAMILY = "1,2";
				TEST_HOST = "$(BUILT_PRODUCTS_DIR)/breakingbadgan.app/breakingbadgan";
			};
			name = Release;
		};
		4E9889E525F807610059258F /* Debug */ = {
			isa = XCBuildConfiguration;
			baseConfigurationReference = 52733F1FED5A230004DCD795 /* Pods-breakingbadgan-breakingbadganUITests.debug.xcconfig */;
			buildSettings = {
				ALWAYS_EMBED_SWIFT_STANDARD_LIBRARIES = YES;
				CODE_SIGN_STYLE = Automatic;
				DEVELOPMENT_TEAM = 8WH2SVB4M8;
				INFOPLIST_FILE = breakingbadganUITests/Info.plist;
				LD_RUNPATH_SEARCH_PATHS = (
					"$(inherited)",
					"@executable_path/Frameworks",
					"@loader_path/Frameworks",
				);
				PRODUCT_BUNDLE_IDENTIFIER = com.smarttipspro.breakingbadganUITests;
				PRODUCT_NAME = "$(TARGET_NAME)";
				SWIFT_VERSION = 5.0;
				TARGETED_DEVICE_FAMILY = "1,2";
				TEST_TARGET_NAME = breakingbadgan;
			};
			name = Debug;
		};
		4E9889E625F807610059258F /* Release */ = {
			isa = XCBuildConfiguration;
			baseConfigurationReference = E5EC34AD38FD756B6B11931B /* Pods-breakingbadgan-breakingbadganUITests.release.xcconfig */;
			buildSettings = {
				ALWAYS_EMBED_SWIFT_STANDARD_LIBRARIES = YES;
				CODE_SIGN_STYLE = Automatic;
				DEVELOPMENT_TEAM = 8WH2SVB4M8;
				INFOPLIST_FILE = breakingbadganUITests/Info.plist;
				LD_RUNPATH_SEARCH_PATHS = (
					"$(inherited)",
					"@executable_path/Frameworks",
					"@loader_path/Frameworks",
				);
				PRODUCT_BUNDLE_IDENTIFIER = com.smarttipspro.breakingbadganUITests;
				PRODUCT_NAME = "$(TARGET_NAME)";
				SWIFT_VERSION = 5.0;
				TARGETED_DEVICE_FAMILY = "1,2";
				TEST_TARGET_NAME = breakingbadgan;
			};
			name = Release;
		};
/* End XCBuildConfiguration section */

/* Begin XCConfigurationList section */
		4E9889AF25F807600059258F /* Build configuration list for PBXProject "breakingbadgan" */ = {
			isa = XCConfigurationList;
			buildConfigurations = (
				4E9889DC25F807610059258F /* Debug */,
				4E9889DD25F807610059258F /* Release */,
			);
			defaultConfigurationIsVisible = 0;
			defaultConfigurationName = Release;
		};
		4E9889DE25F807610059258F /* Build configuration list for PBXNativeTarget "breakingbadgan" */ = {
			isa = XCConfigurationList;
			buildConfigurations = (
				4E9889DF25F807610059258F /* Debug */,
				4E9889E025F807610059258F /* Release */,
			);
			defaultConfigurationIsVisible = 0;
			defaultConfigurationName = Release;
		};
		4E9889E125F807610059258F /* Build configuration list for PBXNativeTarget "breakingbadganTests" */ = {
			isa = XCConfigurationList;
			buildConfigurations = (
				4E9889E225F807610059258F /* Debug */,
				4E9889E325F807610059258F /* Release */,
			);
			defaultConfigurationIsVisible = 0;
			defaultConfigurationName = Release;
		};
		4E9889E425F807610059258F /* Build configuration list for PBXNativeTarget "breakingbadganUITests" */ = {
			isa = XCConfigurationList;
			buildConfigurations = (
				4E9889E525F807610059258F /* Debug */,
				4E9889E625F807610059258F /* Release */,
			);
			defaultConfigurationIsVisible = 0;
			defaultConfigurationName = Release;
		};
/* End XCConfigurationList section */
	};
	rootObject = 4E9889AC25F807600059258F /* Project object */;
}
